
Microsoft Visual Studio Solution File, Format Version 12.00
# Visual Studio Version 17
VisualStudioVersion = 17.11.35327.3
MinimumVisualStudioVersion = 10.0.40219.1
Project("{FAE04EC0-301F-11D3-BF4B-00C04F79EFBC}") = "ApplianceApp", "ApplianceApp\ApplianceApp.csproj", "{0067B32D-5E82-438F-BDE6-7EAB16B67CA0}"
EndProject
Global
	GlobalSection(SolutionConfigurationPlatforms) = preSolution
		Debug|Any CPU = Debug|Any CPU
		Release|Any CPU = Release|Any CPU
	EndGlobalSection
	GlobalSection(ProjectConfigurationPlatforms) = postSolution
		{0067B32D-5E82-438F-BDE6-7EAB16B67CA0}.Debug|Any CPU.ActiveCfg = Debug|Any CPU
		{0067B32D-5E82-438F-BDE6-7EAB16B67CA0}.Debug|Any CPU.Build.0 = Debug|Any CPU
		{0067B32D-5E82-438F-BDE6-7EAB16B67CA0}.Release|Any CPU.ActiveCfg = Release|Any CPU
		{0067B32D-5E82-438F-BDE6-7EAB16B67CA0}.Release|Any CPU.Build.0 = Release|Any CPU
	EndGlobalSection
	GlobalSection(SolutionProperties) = preSolution
		HideSolutionNode = FALSE
	EndGlobalSection
	GlobalSection(ExtensibilityGlobals) = postSolution
		SolutionGuid = {BBD19B72-C616-4537-A2FC-F98C40830784}
	EndGlobalSection
EndGlobal
