
Microsoft Visual Studio Solution File, Format Version 12.00
# Visual Studio Version 17
VisualStudioVersion = 17.12.35209.166
MinimumVisualStudioVersion = 10.0.40219.1
Project("{FAE04EC0-301F-11D3-BF4B-00C04F79EFBC}") = "InheritanceOne", "InheritanceOne\InheritanceOne.csproj", "{B6D30C5F-2F05-45BA-965A-AD9D5FA23426}"
EndProject
Global
	GlobalSection(SolutionConfigurationPlatforms) = preSolution
		Debug|Any CPU = Debug|Any CPU
		Release|Any CPU = Release|Any CPU
	EndGlobalSection
	GlobalSection(ProjectConfigurationPlatforms) = postSolution
		{B6D30C5F-2F05-45BA-965A-AD9D5FA23426}.Debug|Any CPU.ActiveCfg = Debug|Any CPU
		{B6D30C5F-2F05-45BA-965A-AD9D5FA23426}.Debug|Any CPU.Build.0 = Debug|Any CPU
		{B6D30C5F-2F05-45BA-965A-AD9D5FA23426}.Release|Any CPU.ActiveCfg = Release|Any CPU
		{B6D30C5F-2F05-45BA-965A-AD9D5FA23426}.Release|Any CPU.Build.0 = Release|Any CPU
	EndGlobalSection
	GlobalSection(SolutionProperties) = preSolution
		HideSolutionNode = FALSE
	EndGlobalSection
	GlobalSection(ExtensibilityGlobals) = postSolution
		SolutionGuid = {30875AF3-FA5A-4AD5-93E7-E07CA008F18F}
	EndGlobalSection
EndGlobal
